
Microsoft Visual Studio Solution File, Format Version 12.00
# Visual Studio 14
VisualStudioVersion = 14.0.25420.1
MinimumVisualStudioVersion = 10.0.40219.1
Project("{FAE04EC0-301F-11D3-BF4B-00C04F79EFBC}") = "TwitterClientMobile", "TwitterClientMobile\TwitterClientMobile\TwitterClientMobile.csproj", "{9EC73BDB-38E9-4A45-9BF1-FDFAA33FD705}"
EndProject
Project("{FAE04EC0-301F-11D3-BF4B-00C04F79EFBC}") = "TwitterClientMobile.Droid", "TwitterClientMobile\TwitterClientMobile.Droid\TwitterClientMobile.Droid.csproj", "{5D569A21-585E-49E4-8763-70E87FB82FB8}"
EndProject
Project("{FAE04EC0-301F-11D3-BF4B-00C04F79EFBC}") = "TwitterClientMobile.iOS", "TwitterClientMobile\TwitterClientMobile.iOS\TwitterClientMobile.iOS.csproj", "{8F5A419C-FA83-472A-A2FA-709E8150B4B4}"
EndProject
Global
	GlobalSection(SolutionConfigurationPlatforms) = preSolution
		Ad-Hoc|Any CPU = Ad-Hoc|Any CPU
		Ad-Hoc|iPhone = Ad-Hoc|iPhone
		Ad-Hoc|iPhoneSimulator = Ad-Hoc|iPhoneSimulator
		AppStore|Any CPU = AppStore|Any CPU
		AppStore|iPhone = AppStore|iPhone
		AppStore|iPhoneSimulator = AppStore|iPhoneSimulator
		Debug|Any CPU = Debug|Any CPU
		Debug|iPhone = Debug|iPhone
		Debug|iPhoneSimulator = Debug|iPhoneSimulator
		Release|Any CPU = Release|Any CPU
		Release|iPhone = Release|iPhone
		Release|iPhoneSimulator = Release|iPhoneSimulator
	EndGlobalSection
	GlobalSection(ProjectConfigurationPlatforms) = postSolution
		{9EC73BDB-38E9-4A45-9BF1-FDFAA33FD705}.Ad-Hoc|Any CPU.ActiveCfg = Release|Any CPU
		{9EC73BDB-38E9-4A45-9BF1-FDFAA33FD705}.Ad-Hoc|Any CPU.Build.0 = Release|Any CPU
		{9EC73BDB-38E9-4A45-9BF1-FDFAA33FD705}.Ad-Hoc|iPhone.ActiveCfg = Release|Any CPU
		{9EC73BDB-38E9-4A45-9BF1-FDFAA33FD705}.Ad-Hoc|iPhone.Build.0 = Release|Any CPU
		{9EC73BDB-38E9-4A45-9BF1-FDFAA33FD705}.Ad-Hoc|iPhoneSimulator.ActiveCfg = Release|Any CPU
		{9EC73BDB-38E9-4A45-9BF1-FDFAA33FD705}.Ad-Hoc|iPhoneSimulator.Build.0 = Release|Any CPU
		{9EC73BDB-38E9-4A45-9BF1-FDFAA33FD705}.AppStore|Any CPU.ActiveCfg = Release|Any CPU
		{9EC73BDB-38E9-4A45-9BF1-FDFAA33FD705}.AppStore|Any CPU.Build.0 = Release|Any CPU
		{9EC73BDB-38E9-4A45-9BF1-FDFAA33FD705}.AppStore|iPhone.ActiveCfg = Release|Any CPU
		{9EC73BDB-38E9-4A45-9BF1-FDFAA33FD705}.AppStore|iPhone.Build.0 = Release|Any CPU
		{9EC73BDB-38E9-4A45-9BF1-FDFAA33FD705}.AppStore|iPhoneSimulator.ActiveCfg = Release|Any CPU
		{9EC73BDB-38E9-4A45-9BF1-FDFAA33FD705}.AppStore|iPhoneSimulator.Build.0 = Release|Any CPU
		{9EC73BDB-38E9-4A45-9BF1-FDFAA33FD705}.Debug|Any CPU.ActiveCfg = Debug|Any CPU
		{9EC73BDB-38E9-4A45-9BF1-FDFAA33FD705}.Debug|Any CPU.Build.0 = Debug|Any CPU
		{9EC73BDB-38E9-4A45-9BF1-FDFAA33FD705}.Debug|iPhone.ActiveCfg = Debug|Any CPU
		{9EC73BDB-38E9-4A45-9BF1-FDFAA33FD705}.Debug|iPhone.Build.0 = Debug|Any CPU
		{9EC73BDB-38E9-4A45-9BF1-FDFAA33FD705}.Debug|iPhoneSimulator.ActiveCfg = Debug|Any CPU
		{9EC73BDB-38E9-4A45-9BF1-FDFAA33FD705}.Debug|iPhoneSimulator.Build.0 = Debug|Any CPU
		{9EC73BDB-38E9-4A45-9BF1-FDFAA33FD705}.Release|Any CPU.ActiveCfg = Release|Any CPU
		{9EC73BDB-38E9-4A45-9BF1-FDFAA33FD705}.Release|Any CPU.Build.0 = Release|Any CPU
		{9EC73BDB-38E9-4A45-9BF1-FDFAA33FD705}.Release|iPhone.ActiveCfg = Release|Any CPU
		{9EC73BDB-38E9-4A45-9BF1-FDFAA33FD705}.Release|iPhone.Build.0 = Release|Any CPU
		{9EC73BDB-38E9-4A45-9BF1-FDFAA33FD705}.Release|iPhoneSimulator.ActiveCfg = Release|Any CPU
		{9EC73BDB-38E9-4A45-9BF1-FDFAA33FD705}.Release|iPhoneSimulator.Build.0 = Release|Any CPU
		{5D569A21-585E-49E4-8763-70E87FB82FB8}.Ad-Hoc|Any CPU.ActiveCfg = Release|Any CPU
		{5D569A21-585E-49E4-8763-70E87FB82FB8}.Ad-Hoc|Any CPU.Build.0 = Release|Any CPU
		{5D569A21-585E-49E4-8763-70E87FB82FB8}.Ad-Hoc|Any CPU.Deploy.0 = Release|Any CPU
		{5D569A21-585E-49E4-8763-70E87FB82FB8}.Ad-Hoc|iPhone.ActiveCfg = Release|Any CPU
		{5D569A21-585E-49E4-8763-70E87FB82FB8}.Ad-Hoc|iPhone.Build.0 = Release|Any CPU
		{5D569A21-585E-49E4-8763-70E87FB82FB8}.Ad-Hoc|iPhone.Deploy.0 = Release|Any CPU
		{5D569A21-585E-49E4-8763-70E87FB82FB8}.Ad-Hoc|iPhoneSimulator.ActiveCfg = Release|Any CPU
		{5D569A21-585E-49E4-8763-70E87FB82FB8}.Ad-Hoc|iPhoneSimulator.Build.0 = Release|Any CPU
		{5D569A21-585E-49E4-8763-70E87FB82FB8}.Ad-Hoc|iPhoneSimulator.Deploy.0 = Release|Any CPU
		{5D569A21-585E-49E4-8763-70E87FB82FB8}.AppStore|Any CPU.ActiveCfg = Release|Any CPU
		{5D569A21-585E-49E4-8763-70E87FB82FB8}.AppStore|Any CPU.Build.0 = Release|Any CPU
		{5D569A21-585E-49E4-8763-70E87FB82FB8}.AppStore|Any CPU.Deploy.0 = Release|Any CPU
		{5D569A21-585E-49E4-8763-70E87FB82FB8}.AppStore|iPhone.ActiveCfg = Release|Any CPU
		{5D569A21-585E-49E4-8763-70E87FB82FB8}.AppStore|iPhone.Build.0 = Release|Any CPU
		{5D569A21-585E-49E4-8763-70E87FB82FB8}.AppStore|iPhone.Deploy.0 = Release|Any CPU
		{5D569A21-585E-49E4-8763-70E87FB82FB8}.AppStore|iPhoneSimulator.ActiveCfg = Release|Any CPU
		{5D569A21-585E-49E4-8763-70E87FB82FB8}.AppStore|iPhoneSimulator.Build.0 = Release|Any CPU
		{5D569A21-585E-49E4-8763-70E87FB82FB8}.AppStore|iPhoneSimulator.Deploy.0 = Release|Any CPU
		{5D569A21-585E-49E4-8763-70E87FB82FB8}.Debug|Any CPU.ActiveCfg = Debug|Any CPU
		{5D569A21-585E-49E4-8763-70E87FB82FB8}.Debug|Any CPU.Build.0 = Debug|Any CPU
		{5D569A21-585E-49E4-8763-70E87FB82FB8}.Debug|Any CPU.Deploy.0 = Debug|Any CPU
		{5D569A21-585E-49E4-8763-70E87FB82FB8}.Debug|iPhone.ActiveCfg = Debug|Any CPU
		{5D569A21-585E-49E4-8763-70E87FB82FB8}.Debug|iPhone.Build.0 = Debug|Any CPU
		{5D569A21-585E-49E4-8763-70E87FB82FB8}.Debug|iPhone.Deploy.0 = Debug|Any CPU
		{5D569A21-585E-49E4-8763-70E87FB82FB8}.Debug|iPhoneSimulator.ActiveCfg = Debug|Any CPU
		{5D569A21-585E-49E4-8763-70E87FB82FB8}.Debug|iPhoneSimulator.Build.0 = Debug|Any CPU
		{5D569A21-585E-49E4-8763-70E87FB82FB8}.Debug|iPhoneSimulator.Deploy.0 = Debug|Any CPU
		{5D569A21-585E-49E4-8763-70E87FB82FB8}.Release|Any CPU.ActiveCfg = Release|Any CPU
		{5D569A21-585E-49E4-8763-70E87FB82FB8}.Release|Any CPU.Build.0 = Release|Any CPU
		{5D569A21-585E-49E4-8763-70E87FB82FB8}.Release|Any CPU.Deploy.0 = Release|Any CPU
		{5D569A21-585E-49E4-8763-70E87FB82FB8}.Release|iPhone.ActiveCfg = Release|Any CPU
		{5D569A21-585E-49E4-8763-70E87FB82FB8}.Release|iPhone.Build.0 = Release|Any CPU
		{5D569A21-585E-49E4-8763-70E87FB82FB8}.Release|iPhone.Deploy.0 = Release|Any CPU
		{5D569A21-585E-49E4-8763-70E87FB82FB8}.Release|iPhoneSimulator.ActiveCfg = Release|Any CPU
		{5D569A21-585E-49E4-8763-70E87FB82FB8}.Release|iPhoneSimulator.Build.0 = Release|Any CPU
		{5D569A21-585E-49E4-8763-70E87FB82FB8}.Release|iPhoneSimulator.Deploy.0 = Release|Any CPU
		{8F5A419C-FA83-472A-A2FA-709E8150B4B4}.Ad-Hoc|Any CPU.ActiveCfg = Ad-Hoc|iPhone
		{8F5A419C-FA83-472A-A2FA-709E8150B4B4}.Ad-Hoc|iPhone.ActiveCfg = Ad-Hoc|iPhone
		{8F5A419C-FA83-472A-A2FA-709E8150B4B4}.Ad-Hoc|iPhone.Build.0 = Ad-Hoc|iPhone
		{8F5A419C-FA83-472A-A2FA-709E8150B4B4}.Ad-Hoc|iPhoneSimulator.ActiveCfg = Ad-Hoc|iPhoneSimulator
		{8F5A419C-FA83-472A-A2FA-709E8150B4B4}.Ad-Hoc|iPhoneSimulator.Build.0 = Ad-Hoc|iPhoneSimulator
		{8F5A419C-FA83-472A-A2FA-709E8150B4B4}.AppStore|Any CPU.ActiveCfg = AppStore|iPhone
		{8F5A419C-FA83-472A-A2FA-709E8150B4B4}.AppStore|iPhone.ActiveCfg = AppStore|iPhone
		{8F5A419C-FA83-472A-A2FA-709E8150B4B4}.AppStore|iPhone.Build.0 = AppStore|iPhone
		{8F5A419C-FA83-472A-A2FA-709E8150B4B4}.AppStore|iPhoneSimulator.ActiveCfg = AppStore|iPhoneSimulator
		{8F5A419C-FA83-472A-A2FA-709E8150B4B4}.AppStore|iPhoneSimulator.Build.0 = AppStore|iPhoneSimulator
		{8F5A419C-FA83-472A-A2FA-709E8150B4B4}.Debug|Any CPU.ActiveCfg = Debug|iPhone
		{8F5A419C-FA83-472A-A2FA-709E8150B4B4}.Debug|iPhone.ActiveCfg = Debug|iPhone
		{8F5A419C-FA83-472A-A2FA-709E8150B4B4}.Debug|iPhone.Build.0 = Debug|iPhone
		{8F5A419C-FA83-472A-A2FA-709E8150B4B4}.Debug|iPhoneSimulator.ActiveCfg = Debug|iPhoneSimulator
		{8F5A419C-FA83-472A-A2FA-709E8150B4B4}.Debug|iPhoneSimulator.Build.0 = Debug|iPhoneSimulator
		{8F5A419C-FA83-472A-A2FA-709E8150B4B4}.Release|Any CPU.ActiveCfg = Release|iPhone
		{8F5A419C-FA83-472A-A2FA-709E8150B4B4}.Release|iPhone.ActiveCfg = Release|iPhone
		{8F5A419C-FA83-472A-A2FA-709E8150B4B4}.Release|iPhone.Build.0 = Release|iPhone
		{8F5A419C-FA83-472A-A2FA-709E8150B4B4}.Release|iPhoneSimulator.ActiveCfg = Release|iPhoneSimulator
		{8F5A419C-FA83-472A-A2FA-709E8150B4B4}.Release|iPhoneSimulator.Build.0 = Release|iPhoneSimulator
	EndGlobalSection
	GlobalSection(SolutionProperties) = preSolution
		HideSolutionNode = FALSE
	EndGlobalSection
EndGlobal
